
Microsoft Visual Studio Solution File, Format Version 12.00
# Visual Studio 15
VisualStudioVersion = 15.0.28010.2019
MinimumVisualStudioVersion = 10.0.40219.1
Project("{9A19103F-16F7-4668-BE54-9A1E7A4F7556}") = "CIS494CourseProject", "CIS494CourseProject.csproj", "{77ED1AFE-5E74-4B96-84E3-ED307EEFBBEC}"
EndProject
Project("{FAE04EC0-301F-11D3-BF4B-00C04F79EFBC}") = "CIS494CourseProject.Android", "CIS494CourseProject.Android\CIS494CourseProject.Android.csproj", "{E0328847-3C51-4DD7-8820-403A25BBDB9E}"
EndProject
Project("{FAE04EC0-301F-11D3-BF4B-00C04F79EFBC}") = "CIS494CourseProject.IOS", "CIS494CourseProject.IOS\CIS494CourseProject.IOS.csproj", "{80A96B52-6758-4BDB-B0B4-CEA4CA155C60}"
	ProjectSection(ProjectDependencies) = postProject
		{77ED1AFE-5E74-4B96-84E3-ED307EEFBBEC} = {77ED1AFE-5E74-4B96-84E3-ED307EEFBBEC}
	EndProjectSection
EndProject
Project("{FAE04EC0-301F-11D3-BF4B-00C04F79EFBC}") = "CIS494CourseProject.UWP", "..\CIS494CourseProject.UWP\CIS494CourseProject.UWP.csproj", "{D81C29F1-2310-4A81-AD33-3256EB29EA44}"
	ProjectSection(ProjectDependencies) = postProject
		{77ED1AFE-5E74-4B96-84E3-ED307EEFBBEC} = {77ED1AFE-5E74-4B96-84E3-ED307EEFBBEC}
	EndProjectSection
EndProject
Global
	GlobalSection(SolutionConfigurationPlatforms) = preSolution
		Debug|Any CPU = Debug|Any CPU
		Debug|ARM = Debug|ARM
		Debug|iPhone = Debug|iPhone
		Debug|iPhoneSimulator = Debug|iPhoneSimulator
		Debug|x64 = Debug|x64
		Debug|x86 = Debug|x86
		Release|Any CPU = Release|Any CPU
		Release|ARM = Release|ARM
		Release|iPhone = Release|iPhone
		Release|iPhoneSimulator = Release|iPhoneSimulator
		Release|x64 = Release|x64
		Release|x86 = Release|x86
	EndGlobalSection
	GlobalSection(ProjectConfigurationPlatforms) = postSolution
		{77ED1AFE-5E74-4B96-84E3-ED307EEFBBEC}.Debug|Any CPU.ActiveCfg = Debug|Any CPU
		{77ED1AFE-5E74-4B96-84E3-ED307EEFBBEC}.Debug|Any CPU.Build.0 = Debug|Any CPU
		{77ED1AFE-5E74-4B96-84E3-ED307EEFBBEC}.Debug|ARM.ActiveCfg = Debug|Any CPU
		{77ED1AFE-5E74-4B96-84E3-ED307EEFBBEC}.Debug|ARM.Build.0 = Debug|Any CPU
		{77ED1AFE-5E74-4B96-84E3-ED307EEFBBEC}.Debug|iPhone.ActiveCfg = Debug|Any CPU
		{77ED1AFE-5E74-4B96-84E3-ED307EEFBBEC}.Debug|iPhone.Build.0 = Debug|Any CPU
		{77ED1AFE-5E74-4B96-84E3-ED307EEFBBEC}.Debug|iPhoneSimulator.ActiveCfg = Debug|Any CPU
		{77ED1AFE-5E74-4B96-84E3-ED307EEFBBEC}.Debug|iPhoneSimulator.Build.0 = Debug|Any CPU
		{77ED1AFE-5E74-4B96-84E3-ED307EEFBBEC}.Debug|x64.ActiveCfg = Debug|Any CPU
		{77ED1AFE-5E74-4B96-84E3-ED307EEFBBEC}.Debug|x64.Build.0 = Debug|Any CPU
		{77ED1AFE-5E74-4B96-84E3-ED307EEFBBEC}.Debug|x86.ActiveCfg = Debug|Any CPU
		{77ED1AFE-5E74-4B96-84E3-ED307EEFBBEC}.Debug|x86.Build.0 = Debug|Any CPU
		{77ED1AFE-5E74-4B96-84E3-ED307EEFBBEC}.Release|Any CPU.ActiveCfg = Release|Any CPU
		{77ED1AFE-5E74-4B96-84E3-ED307EEFBBEC}.Release|Any CPU.Build.0 = Release|Any CPU
		{77ED1AFE-5E74-4B96-84E3-ED307EEFBBEC}.Release|ARM.ActiveCfg = Release|Any CPU
		{77ED1AFE-5E74-4B96-84E3-ED307EEFBBEC}.Release|ARM.Build.0 = Release|Any CPU
		{77ED1AFE-5E74-4B96-84E3-ED307EEFBBEC}.Release|iPhone.ActiveCfg = Release|Any CPU
		{77ED1AFE-5E74-4B96-84E3-ED307EEFBBEC}.Release|iPhone.Build.0 = Release|Any CPU
		{77ED1AFE-5E74-4B96-84E3-ED307EEFBBEC}.Release|iPhoneSimulator.ActiveCfg = Release|Any CPU
		{77ED1AFE-5E74-4B96-84E3-ED307EEFBBEC}.Release|iPhoneSimulator.Build.0 = Release|Any CPU
		{77ED1AFE-5E74-4B96-84E3-ED307EEFBBEC}.Release|x64.ActiveCfg = Release|Any CPU
		{77ED1AFE-5E74-4B96-84E3-ED307EEFBBEC}.Release|x64.Build.0 = Release|Any CPU
		{77ED1AFE-5E74-4B96-84E3-ED307EEFBBEC}.Release|x86.ActiveCfg = Release|Any CPU
		{77ED1AFE-5E74-4B96-84E3-ED307EEFBBEC}.Release|x86.Build.0 = Release|Any CPU
		{E0328847-3C51-4DD7-8820-403A25BBDB9E}.Debug|Any CPU.ActiveCfg = Debug|Any CPU
		{E0328847-3C51-4DD7-8820-403A25BBDB9E}.Debug|Any CPU.Build.0 = Debug|Any CPU
		{E0328847-3C51-4DD7-8820-403A25BBDB9E}.Debug|Any CPU.Deploy.0 = Debug|Any CPU
		{E0328847-3C51-4DD7-8820-403A25BBDB9E}.Debug|ARM.ActiveCfg = Debug|Any CPU
		{E0328847-3C51-4DD7-8820-403A25BBDB9E}.Debug|ARM.Build.0 = Debug|Any CPU
		{E0328847-3C51-4DD7-8820-403A25BBDB9E}.Debug|ARM.Deploy.0 = Debug|Any CPU
		{E0328847-3C51-4DD7-8820-403A25BBDB9E}.Debug|iPhone.ActiveCfg = Debug|Any CPU
		{E0328847-3C51-4DD7-8820-403A25BBDB9E}.Debug|iPhone.Build.0 = Debug|Any CPU
		{E0328847-3C51-4DD7-8820-403A25BBDB9E}.Debug|iPhone.Deploy.0 = Debug|Any CPU
		{E0328847-3C51-4DD7-8820-403A25BBDB9E}.Debug|iPhoneSimulator.ActiveCfg = Debug|Any CPU
		{E0328847-3C51-4DD7-8820-403A25BBDB9E}.Debug|iPhoneSimulator.Build.0 = Debug|Any CPU
		{E0328847-3C51-4DD7-8820-403A25BBDB9E}.Debug|iPhoneSimulator.Deploy.0 = Debug|Any CPU
		{E0328847-3C51-4DD7-8820-403A25BBDB9E}.Debug|x64.ActiveCfg = Debug|Any CPU
		{E0328847-3C51-4DD7-8820-403A25BBDB9E}.Debug|x64.Build.0 = Debug|Any CPU
		{E0328847-3C51-4DD7-8820-403A25BBDB9E}.Debug|x64.Deploy.0 = Debug|Any CPU
		{E0328847-3C51-4DD7-8820-403A25BBDB9E}.Debug|x86.ActiveCfg = Debug|Any CPU
		{E0328847-3C51-4DD7-8820-403A25BBDB9E}.Debug|x86.Build.0 = Debug|Any CPU
		{E0328847-3C51-4DD7-8820-403A25BBDB9E}.Debug|x86.Deploy.0 = Debug|Any CPU
		{E0328847-3C51-4DD7-8820-403A25BBDB9E}.Release|Any CPU.ActiveCfg = Release|Any CPU
		{E0328847-3C51-4DD7-8820-403A25BBDB9E}.Release|Any CPU.Build.0 = Release|Any CPU
		{E0328847-3C51-4DD7-8820-403A25BBDB9E}.Release|Any CPU.Deploy.0 = Release|Any CPU
		{E0328847-3C51-4DD7-8820-403A25BBDB9E}.Release|ARM.ActiveCfg = Release|Any CPU
		{E0328847-3C51-4DD7-8820-403A25BBDB9E}.Release|ARM.Build.0 = Release|Any CPU
		{E0328847-3C51-4DD7-8820-403A25BBDB9E}.Release|ARM.Deploy.0 = Release|Any CPU
		{E0328847-3C51-4DD7-8820-403A25BBDB9E}.Release|iPhone.ActiveCfg = Release|Any CPU
		{E0328847-3C51-4DD7-8820-403A25BBDB9E}.Release|iPhone.Build.0 = Release|Any CPU
		{E0328847-3C51-4DD7-8820-403A25BBDB9E}.Release|iPhone.Deploy.0 = Release|Any CPU
		{E0328847-3C51-4DD7-8820-403A25BBDB9E}.Release|iPhoneSimulator.ActiveCfg = Release|Any CPU
		{E0328847-3C51-4DD7-8820-403A25BBDB9E}.Release|iPhoneSimulator.Build.0 = Release|Any CPU
		{E0328847-3C51-4DD7-8820-403A25BBDB9E}.Release|iPhoneSimulator.Deploy.0 = Release|Any CPU
		{E0328847-3C51-4DD7-8820-403A25BBDB9E}.Release|x64.ActiveCfg = Release|Any CPU
		{E0328847-3C51-4DD7-8820-403A25BBDB9E}.Release|x64.Build.0 = Release|Any CPU
		{E0328847-3C51-4DD7-8820-403A25BBDB9E}.Release|x64.Deploy.0 = Release|Any CPU
		{E0328847-3C51-4DD7-8820-403A25BBDB9E}.Release|x86.ActiveCfg = Release|Any CPU
		{E0328847-3C51-4DD7-8820-403A25BBDB9E}.Release|x86.Build.0 = Release|Any CPU
		{E0328847-3C51-4DD7-8820-403A25BBDB9E}.Release|x86.Deploy.0 = Release|Any CPU
		{80A96B52-6758-4BDB-B0B4-CEA4CA155C60}.Debug|Any CPU.ActiveCfg = Debug|iPhone
		{80A96B52-6758-4BDB-B0B4-CEA4CA155C60}.Debug|Any CPU.Build.0 = Debug|iPhone
		{80A96B52-6758-4BDB-B0B4-CEA4CA155C60}.Debug|ARM.ActiveCfg = Debug|iPhoneSimulator
		{80A96B52-6758-4BDB-B0B4-CEA4CA155C60}.Debug|iPhone.ActiveCfg = Debug|iPhone
		{80A96B52-6758-4BDB-B0B4-CEA4CA155C60}.Debug|iPhone.Build.0 = Debug|iPhone
		{80A96B52-6758-4BDB-B0B4-CEA4CA155C60}.Debug|iPhoneSimulator.ActiveCfg = Debug|iPhoneSimulator
		{80A96B52-6758-4BDB-B0B4-CEA4CA155C60}.Debug|iPhoneSimulator.Build.0 = Debug|iPhoneSimulator
		{80A96B52-6758-4BDB-B0B4-CEA4CA155C60}.Debug|x64.ActiveCfg = Debug|iPhoneSimulator
		{80A96B52-6758-4BDB-B0B4-CEA4CA155C60}.Debug|x86.ActiveCfg = Debug|iPhoneSimulator
		{80A96B52-6758-4BDB-B0B4-CEA4CA155C60}.Debug|x86.Build.0 = Debug|iPhoneSimulator
		{80A96B52-6758-4BDB-B0B4-CEA4CA155C60}.Release|Any CPU.ActiveCfg = Release|iPhone
		{80A96B52-6758-4BDB-B0B4-CEA4CA155C60}.Release|ARM.ActiveCfg = Release|iPhoneSimulator
		{80A96B52-6758-4BDB-B0B4-CEA4CA155C60}.Release|iPhone.ActiveCfg = Release|iPhone
		{80A96B52-6758-4BDB-B0B4-CEA4CA155C60}.Release|iPhone.Build.0 = Release|iPhone
		{80A96B52-6758-4BDB-B0B4-CEA4CA155C60}.Release|iPhoneSimulator.ActiveCfg = Release|iPhoneSimulator
		{80A96B52-6758-4BDB-B0B4-CEA4CA155C60}.Release|iPhoneSimulator.Build.0 = Release|iPhoneSimulator
		{80A96B52-6758-4BDB-B0B4-CEA4CA155C60}.Release|x64.ActiveCfg = Release|iPhoneSimulator
		{80A96B52-6758-4BDB-B0B4-CEA4CA155C60}.Release|x86.ActiveCfg = Release|iPhoneSimulator
		{D81C29F1-2310-4A81-AD33-3256EB29EA44}.Debug|Any CPU.ActiveCfg = Debug|x86
		{D81C29F1-2310-4A81-AD33-3256EB29EA44}.Debug|ARM.ActiveCfg = Debug|ARM
		{D81C29F1-2310-4A81-AD33-3256EB29EA44}.Debug|ARM.Build.0 = Debug|ARM
		{D81C29F1-2310-4A81-AD33-3256EB29EA44}.Debug|ARM.Deploy.0 = Debug|ARM
		{D81C29F1-2310-4A81-AD33-3256EB29EA44}.Debug|iPhone.ActiveCfg = Debug|x86
		{D81C29F1-2310-4A81-AD33-3256EB29EA44}.Debug|iPhoneSimulator.ActiveCfg = Debug|x86
		{D81C29F1-2310-4A81-AD33-3256EB29EA44}.Debug|x64.ActiveCfg = Debug|x64
		{D81C29F1-2310-4A81-AD33-3256EB29EA44}.Debug|x64.Build.0 = Debug|x64
		{D81C29F1-2310-4A81-AD33-3256EB29EA44}.Debug|x64.Deploy.0 = Debug|x64
		{D81C29F1-2310-4A81-AD33-3256EB29EA44}.Debug|x86.ActiveCfg = Debug|x64
		{D81C29F1-2310-4A81-AD33-3256EB29EA44}.Debug|x86.Build.0 = Debug|x64
		{D81C29F1-2310-4A81-AD33-3256EB29EA44}.Debug|x86.Deploy.0 = Debug|x64
		{D81C29F1-2310-4A81-AD33-3256EB29EA44}.Release|Any CPU.ActiveCfg = Release|x86
		{D81C29F1-2310-4A81-AD33-3256EB29EA44}.Release|ARM.ActiveCfg = Release|ARM
		{D81C29F1-2310-4A81-AD33-3256EB29EA44}.Release|ARM.Build.0 = Release|ARM
		{D81C29F1-2310-4A81-AD33-3256EB29EA44}.Release|ARM.Deploy.0 = Release|ARM
		{D81C29F1-2310-4A81-AD33-3256EB29EA44}.Release|iPhone.ActiveCfg = Release|x86
		{D81C29F1-2310-4A81-AD33-3256EB29EA44}.Release|iPhoneSimulator.ActiveCfg = Release|x86
		{D81C29F1-2310-4A81-AD33-3256EB29EA44}.Release|x64.ActiveCfg = Release|x64
		{D81C29F1-2310-4A81-AD33-3256EB29EA44}.Release|x64.Build.0 = Release|x64
		{D81C29F1-2310-4A81-AD33-3256EB29EA44}.Release|x64.Deploy.0 = Release|x64
		{D81C29F1-2310-4A81-AD33-3256EB29EA44}.Release|x86.ActiveCfg = Release|x86
		{D81C29F1-2310-4A81-AD33-3256EB29EA44}.Release|x86.Build.0 = Release|x86
		{D81C29F1-2310-4A81-AD33-3256EB29EA44}.Release|x86.Deploy.0 = Release|x86
	EndGlobalSection
	GlobalSection(SolutionProperties) = preSolution
		HideSolutionNode = FALSE
	EndGlobalSection
	GlobalSection(ExtensibilityGlobals) = postSolution
		SolutionGuid = {6FFB4F47-3F60-481D-A744-83A68F27560B}
	EndGlobalSection
EndGlobal
